// !$*UTF8*$!
{
	archiveVersion = 1;
	classes = {
	};
	objectVersion = 50;
	objects = {

/* Begin PBXBuildFile section */
		7C8D251E25BFC77600AE1347 /* UsersTableViewController.swift in Sources */ = {isa = PBXBuildFile; fileRef = 7C8D251D25BFC77600AE1347 /* UsersTableViewController.swift */; };
		7C8D252425C08EA300AE1347 /* UserCustomTableViewCell.swift in Sources */ = {isa = PBXBuildFile; fileRef = 7C8D252325C08EA300AE1347 /* UserCustomTableViewCell.swift */; };
		7CC8C1C525BFBF1900BB3537 /* AppDelegate.swift in Sources */ = {isa = PBXBuildFile; fileRef = 7CC8C1C425BFBF1900BB3537 /* AppDelegate.swift */; };
		7CC8C1C725BFBF1900BB3537 /* SceneDelegate.swift in Sources */ = {isa = PBXBuildFile; fileRef = 7CC8C1C625BFBF1900BB3537 /* SceneDelegate.swift */; };
		7CC8C1C925BFBF1900BB3537 /* ViewController.swift in Sources */ = {isa = PBXBuildFile; fileRef = 7CC8C1C825BFBF1900BB3537 /* ViewController.swift */; };
		7CC8C1CC25BFBF1900BB3537 /* Main.storyboard in Resources */ = {isa = PBXBuildFile; fileRef = 7CC8C1CA25BFBF1900BB3537 /* Main.storyboard */; };
		7CC8C1CE25BFBF1A00BB3537 /* Assets.xcassets in Resources */ = {isa = PBXBuildFile; fileRef = 7CC8C1CD25BFBF1A00BB3537 /* Assets.xcassets */; };
		7CC8C1D125BFBF1A00BB3537 /* LaunchScreen.storyboard in Resources */ = {isa = PBXBuildFile; fileRef = 7CC8C1CF25BFBF1A00BB3537 /* LaunchScreen.storyboard */; };
		7CDE1E5D25C221DA00DAB832 /* RandomUser.swift in Sources */ = {isa = PBXBuildFile; fileRef = 7CDE1E5C25C221DA00DAB832 /* RandomUser.swift */; };
		7CDE1E6025C2238100DAB832 /* UserRepresentation.swift in Sources */ = {isa = PBXBuildFile; fileRef = 7CDE1E5F25C2238100DAB832 /* UserRepresentation.swift */; };
		7CDE1E6325C224D600DAB832 /* RandomUserController.swift in Sources */ = {isa = PBXBuildFile; fileRef = 7CDE1E6225C224D600DAB832 /* RandomUserController.swift */; };
/* End PBXBuildFile section */

/* Begin PBXFileReference section */
		7C8D251D25BFC77600AE1347 /* UsersTableViewController.swift */ = {isa = PBXFileReference; lastKnownFileType = sourcecode.swift; path = UsersTableViewController.swift; sourceTree = "<group>"; };
		7C8D252325C08EA300AE1347 /* UserCustomTableViewCell.swift */ = {isa = PBXFileReference; lastKnownFileType = sourcecode.swift; path = UserCustomTableViewCell.swift; sourceTree = "<group>"; };
		7CC8C1C125BFBF1900BB3537 /* RandomUsers-Unit3.1SprintRedo.app */ = {isa = PBXFileReference; explicitFileType = wrapper.application; includeInIndex = 0; path = "RandomUsers-Unit3.1SprintRedo.app"; sourceTree = BUILT_PRODUCTS_DIR; };
		7CC8C1C425BFBF1900BB3537 /* AppDelegate.swift */ = {isa = PBXFileReference; lastKnownFileType = sourcecode.swift; path = AppDelegate.swift; sourceTree = "<group>"; };
		7CC8C1C625BFBF1900BB3537 /* SceneDelegate.swift */ = {isa = PBXFileReference; lastKnownFileType = sourcecode.swift; path = SceneDelegate.swift; sourceTree = "<group>"; };
		7CC8C1C825BFBF1900BB3537 /* ViewController.swift */ = {isa = PBXFileReference; lastKnownFileType = sourcecode.swift; path = ViewController.swift; sourceTree = "<group>"; };
		7CC8C1CB25BFBF1900BB3537 /* Base */ = {isa = PBXFileReference; lastKnownFileType = file.storyboard; name = Base; path = Base.lproj/Main.storyboard; sourceTree = "<group>"; };
		7CC8C1CD25BFBF1A00BB3537 /* Assets.xcassets */ = {isa = PBXFileReference; lastKnownFileType = folder.assetcatalog; path = Assets.xcassets; sourceTree = "<group>"; };
		7CC8C1D025BFBF1A00BB3537 /* Base */ = {isa = PBXFileReference; lastKnownFileType = file.storyboard; name = Base; path = Base.lproj/LaunchScreen.storyboard; sourceTree = "<group>"; };
		7CC8C1D225BFBF1A00BB3537 /* Info.plist */ = {isa = PBXFileReference; lastKnownFileType = text.plist.xml; path = Info.plist; sourceTree = "<group>"; };
		7CDE1E5C25C221DA00DAB832 /* RandomUser.swift */ = {isa = PBXFileReference; lastKnownFileType = sourcecode.swift; path = RandomUser.swift; sourceTree = "<group>"; };
		7CDE1E5F25C2238100DAB832 /* UserRepresentation.swift */ = {isa = PBXFileReference; lastKnownFileType = sourcecode.swift; path = UserRepresentation.swift; sourceTree = "<group>"; };
		7CDE1E6225C224D600DAB832 /* RandomUserController.swift */ = {isa = PBXFileReference; lastKnownFileType = sourcecode.swift; path = RandomUserController.swift; sourceTree = "<group>"; };
/* End PBXFileReference section */

/* Begin PBXFrameworksBuildPhase section */
		7CC8C1BE25BFBF1800BB3537 /* Frameworks */ = {
			isa = PBXFrameworksBuildPhase;
			buildActionMask = 2147483647;
			files = (
			);
			runOnlyForDeploymentPostprocessing = 0;
		};
/* End PBXFrameworksBuildPhase section */

/* Begin PBXGroup section */
		7C8D251425BFC07200AE1347 /* LIFECYCLE */ = {
			isa = PBXGroup;
			children = (
				7CC8C1C425BFBF1900BB3537 /* AppDelegate.swift */,
				7CC8C1C625BFBF1900BB3537 /* SceneDelegate.swift */,
			);
			path = LIFECYCLE;
			sourceTree = "<group>";
		};
		7C8D251625BFC09D00AE1347 /* VIEWS */ = {
			isa = PBXGroup;
			children = (
				7CC8C1CA25BFBF1900BB3537 /* Main.storyboard */,
				7CC8C1CF25BFBF1A00BB3537 /* LaunchScreen.storyboard */,
				7C8D252325C08EA300AE1347 /* UserCustomTableViewCell.swift */,
			);
			path = VIEWS;
			sourceTree = "<group>";
		};
		7C8D251725BFC0B400AE1347 /* VIEW CONTROLLERS */ = {
			isa = PBXGroup;
			children = (
				7C8D251D25BFC77600AE1347 /* UsersTableViewController.swift */,
				7CC8C1C825BFBF1900BB3537 /* ViewController.swift */,
			);
			path = "VIEW CONTROLLERS";
			sourceTree = "<group>";
		};
		7C8D251A25BFC0E000AE1347 /* MODEL */ = {
			isa = PBXGroup;
			children = (
				7CDE1E5C25C221DA00DAB832 /* RandomUser.swift */,
				7CDE1E5F25C2238100DAB832 /* UserRepresentation.swift */,
			);
			path = MODEL;
			sourceTree = "<group>";
		};
		7C8D251B25BFC0F800AE1347 /* MODEL CONTROLLER */ = {
			isa = PBXGroup;
			children = (
				7CDE1E6225C224D600DAB832 /* RandomUserController.swift */,
			);
			path = "MODEL CONTROLLER";
			sourceTree = "<group>";
		};
		7CC8C1B825BFBF1800BB3537 = {
			isa = PBXGroup;
			children = (
				7CC8C1C325BFBF1900BB3537 /* RandomUsers-Unit3.1SprintRedo */,
				7CC8C1C225BFBF1900BB3537 /* Products */,
			);
			sourceTree = "<group>";
		};
		7CC8C1C225BFBF1900BB3537 /* Products */ = {
			isa = PBXGroup;
			children = (
				7CC8C1C125BFBF1900BB3537 /* RandomUsers-Unit3.1SprintRedo.app */,
			);
			name = Products;
			sourceTree = "<group>";
		};
		7CC8C1C325BFBF1900BB3537 /* RandomUsers-Unit3.1SprintRedo */ = {
			isa = PBXGroup;
			children = (
				7C8D251B25BFC0F800AE1347 /* MODEL CONTROLLER */,
				7C8D251A25BFC0E000AE1347 /* MODEL */,
				7C8D251725BFC0B400AE1347 /* VIEW CONTROLLERS */,
				7C8D251625BFC09D00AE1347 /* VIEWS */,
				7C8D251425BFC07200AE1347 /* LIFECYCLE */,
				7CC8C1D225BFBF1A00BB3537 /* Info.plist */,
				7CC8C1CD25BFBF1A00BB3537 /* Assets.xcassets */,
			);
			path = "RandomUsers-Unit3.1SprintRedo";
			sourceTree = "<group>";
		};
/* End PBXGroup section */

/* Begin PBXNativeTarget section */
		7CC8C1C025BFBF1800BB3537 /* RandomUsers-Unit3.1SprintRedo */ = {
			isa = PBXNativeTarget;
			buildConfigurationList = 7CC8C1D525BFBF1A00BB3537 /* Build configuration list for PBXNativeTarget "RandomUsers-Unit3.1SprintRedo" */;
			buildPhases = (
				7CC8C1BD25BFBF1800BB3537 /* Sources */,
				7CC8C1BE25BFBF1800BB3537 /* Frameworks */,
				7CC8C1BF25BFBF1800BB3537 /* Resources */,
			);
			buildRules = (
			);
			dependencies = (
			);
			name = "RandomUsers-Unit3.1SprintRedo";
			productName = "RandomUsers-Unit3.1SprintRedo";
			productReference = 7CC8C1C125BFBF1900BB3537 /* RandomUsers-Unit3.1SprintRedo.app */;
			productType = "com.apple.product-type.application";
		};
/* End PBXNativeTarget section */

/* Begin PBXProject section */
		7CC8C1B925BFBF1800BB3537 /* Project object */ = {
			isa = PBXProject;
			attributes = {
				LastSwiftUpdateCheck = 1230;
				LastUpgradeCheck = 1230;
				TargetAttributes = {
					7CC8C1C025BFBF1800BB3537 = {
						CreatedOnToolsVersion = 12.3;
					};
				};
			};
			buildConfigurationList = 7CC8C1BC25BFBF1800BB3537 /* Build configuration list for PBXProject "RandomUsers-Unit3.1SprintRedo" */;
			compatibilityVersion = "Xcode 9.3";
			developmentRegion = en;
			hasScannedForEncodings = 0;
			knownRegions = (
				en,
				Base,
			);
			mainGroup = 7CC8C1B825BFBF1800BB3537;
			productRefGroup = 7CC8C1C225BFBF1900BB3537 /* Products */;
			projectDirPath = "";
			projectRoot = "";
			targets = (
				7CC8C1C025BFBF1800BB3537 /* RandomUsers-Unit3.1SprintRedo */,
			);
		};
/* End PBXProject section */

/* Begin PBXResourcesBuildPhase section */
		7CC8C1BF25BFBF1800BB3537 /* Resources */ = {
			isa = PBXResourcesBuildPhase;
			buildActionMask = 2147483647;
			files = (
				7CC8C1D125BFBF1A00BB3537 /* LaunchScreen.storyboard in Resources */,
				7CC8C1CE25BFBF1A00BB3537 /* Assets.xcassets in Resources */,
				7CC8C1CC25BFBF1900BB3537 /* Main.storyboard in Resources */,
			);
			runOnlyForDeploymentPostprocessing = 0;
		};
/* End PBXResourcesBuildPhase section */

/* Begin PBXSourcesBuildPhase section */
		7CC8C1BD25BFBF1800BB3537 /* Sources */ = {
			isa = PBXSourcesBuildPhase;
			buildActionMask = 2147483647;
			files = (
				7CC8C1C925BFBF1900BB3537 /* ViewController.swift in Sources */,
				7CDE1E6325C224D600DAB832 /* RandomUserController.swift in Sources */,
				7CDE1E6025C2238100DAB832 /* UserRepresentation.swift in Sources */,
				7C8D252425C08EA300AE1347 /* UserCustomTableViewCell.swift in Sources */,
				7CC8C1C525BFBF1900BB3537 /* AppDelegate.swift in Sources */,
				7C8D251E25BFC77600AE1347 /* UsersTableViewController.swift in Sources */,
				7CC8C1C725BFBF1900BB3537 /* SceneDelegate.swift in Sources */,
				7CDE1E5D25C221DA00DAB832 /* RandomUser.swift in Sources */,
			);
			runOnlyForDeploymentPostprocessing = 0;
		};
/* End PBXSourcesBuildPhase section */

/* Begin PBXVariantGroup section */
		7CC8C1CA25BFBF1900BB3537 /* Main.storyboard */ = {
			isa = PBXVariantGroup;
			children = (
				7CC8C1CB25BFBF1900BB3537 /* Base */,
			);
			name = Main.storyboard;
			sourceTree = "<group>";
		};
		7CC8C1CF25BFBF1A00BB3537 /* LaunchScreen.storyboard */ = {
			isa = PBXVariantGroup;
			children = (
				7CC8C1D025BFBF1A00BB3537 /* Base */,
			);
			name = LaunchScreen.storyboard;
			sourceTree = "<group>";
		};
/* End PBXVariantGroup section */

/* Begin XCBuildConfiguration section */
		7CC8C1D325BFBF1A00BB3537 /* Debug */ = {
			isa = XCBuildConfiguration;
			buildSettings = {
				ALWAYS_SEARCH_USER_PATHS = NO;
				CLANG_ANALYZER_NONNULL = YES;
				CLANG_ANALYZER_NUMBER_OBJECT_CONVERSION = YES_AGGRESSIVE;
				CLANG_CXX_LANGUAGE_STANDARD = "gnu++14";
				CLANG_CXX_LIBRARY = "libc++";
				CLANG_ENABLE_MODULES = YES;
				CLANG_ENABLE_OBJC_ARC = YES;
				CLANG_ENABLE_OBJC_WEAK = YES;
				CLANG_WARN_BLOCK_CAPTURE_AUTORELEASING = YES;
				CLANG_WARN_BOOL_CONVERSION = YES;
				CLANG_WARN_COMMA = YES;
				CLANG_WARN_CONSTANT_CONVERSION = YES;
				CLANG_WARN_DEPRECATED_OBJC_IMPLEMENTATIONS = YES;
				CLANG_WARN_DIRECT_OBJC_ISA_USAGE = YES_ERROR;
				CLANG_WARN_DOCUMENTATION_COMMENTS = YES;
				CLANG_WARN_EMPTY_BODY = YES;
				CLANG_WARN_ENUM_CONVERSION = YES;
				CLANG_WARN_INFINITE_RECURSION = YES;
				CLANG_WARN_INT_CONVERSION = YES;
				CLANG_WARN_NON_LITERAL_NULL_CONVERSION = YES;
				CLANG_WARN_OBJC_IMPLICIT_RETAIN_SELF = YES;
				CLANG_WARN_OBJC_LITERAL_CONVERSION = YES;
				CLANG_WARN_OBJC_ROOT_CLASS = YES_ERROR;
				CLANG_WARN_QUOTED_INCLUDE_IN_FRAMEWORK_HEADER = YES;
				CLANG_WARN_RANGE_LOOP_ANALYSIS = YES;
				CLANG_WARN_STRICT_PROTOTYPES = YES;
				CLANG_WARN_SUSPICIOUS_MOVE = YES;
				CLANG_WARN_UNGUARDED_AVAILABILITY = YES_AGGRESSIVE;
				CLANG_WARN_UNREACHABLE_CODE = YES;
				CLANG_WARN__DUPLICATE_METHOD_MATCH = YES;
				COPY_PHASE_STRIP = NO;
				DEBUG_INFORMATION_FORMAT = dwarf;
				ENABLE_STRICT_OBJC_MSGSEND = YES;
				ENABLE_TESTABILITY = YES;
				GCC_C_LANGUAGE_STANDARD = gnu11;
				GCC_DYNAMIC_NO_PIC = NO;
				GCC_NO_COMMON_BLOCKS = YES;
				GCC_OPTIMIZATION_LEVEL = 0;
				GCC_PREPROCESSOR_DEFINITIONS = (
					"DEBUG=1",
					"$(inherited)",
				);
				GCC_WARN_64_TO_32_BIT_CONVERSION = YES;
				GCC_WARN_ABOUT_RETURN_TYPE = YES_ERROR;
				GCC_WARN_UNDECLARED_SELECTOR = YES;
				GCC_WARN_UNINITIALIZED_AUTOS = YES_AGGRESSIVE;
				GCC_WARN_UNUSED_FUNCTION = YES;
				GCC_WARN_UNUSED_VARIABLE = YES;
				IPHONEOS_DEPLOYMENT_TARGET = 14.3;
				MTL_ENABLE_DEBUG_INFO = INCLUDE_SOURCE;
				MTL_FAST_MATH = YES;
				ONLY_ACTIVE_ARCH = YES;
				SDKROOT = iphoneos;
				SWIFT_ACTIVE_COMPILATION_CONDITIONS = DEBUG;
				SWIFT_OPTIMIZATION_LEVEL = "-Onone";
			};
			name = Debug;
		};
		7CC8C1D425BFBF1A00BB3537 /* Release */ = {
			isa = XCBuildConfiguration;
			buildSettings = {
				ALWAYS_SEARCH_USER_PATHS = NO;
				CLANG_ANALYZER_NONNULL = YES;
				CLANG_ANALYZER_NUMBER_OBJECT_CONVERSION = YES_AGGRESSIVE;
				CLANG_CXX_LANGUAGE_STANDARD = "gnu++14";
				CLANG_CXX_LIBRARY = "libc++";
				CLANG_ENABLE_MODULES = YES;
				CLANG_ENABLE_OBJC_ARC = YES;
				CLANG_ENABLE_OBJC_WEAK = YES;
				CLANG_WARN_BLOCK_CAPTURE_AUTORELEASING = YES;
				CLANG_WARN_BOOL_CONVERSION = YES;
				CLANG_WARN_COMMA = YES;
				CLANG_WARN_CONSTANT_CONVERSION = YES;
				CLANG_WARN_DEPRECATED_OBJC_IMPLEMENTATIONS = YES;
				CLANG_WARN_DIRECT_OBJC_ISA_USAGE = YES_ERROR;
				CLANG_WARN_DOCUMENTATION_COMMENTS = YES;
				CLANG_WARN_EMPTY_BODY = YES;
				CLANG_WARN_ENUM_CONVERSION = YES;
				CLANG_WARN_INFINITE_RECURSION = YES;
				CLANG_WARN_INT_CONVERSION = YES;
				CLANG_WARN_NON_LITERAL_NULL_CONVERSION = YES;
				CLANG_WARN_OBJC_IMPLICIT_RETAIN_SELF = YES;
				CLANG_WARN_OBJC_LITERAL_CONVERSION = YES;
				CLANG_WARN_OBJC_ROOT_CLASS = YES_ERROR;
				CLANG_WARN_QUOTED_INCLUDE_IN_FRAMEWORK_HEADER = YES;
				CLANG_WARN_RANGE_LOOP_ANALYSIS = YES;
				CLANG_WARN_STRICT_PROTOTYPES = YES;
				CLANG_WARN_SUSPICIOUS_MOVE = YES;
				CLANG_WARN_UNGUARDED_AVAILABILITY = YES_AGGRESSIVE;
				CLANG_WARN_UNREACHABLE_CODE = YES;
				CLANG_WARN__DUPLICATE_METHOD_MATCH = YES;
				COPY_PHASE_STRIP = NO;
				DEBUG_INFORMATION_FORMAT = "dwarf-with-dsym";
				ENABLE_NS_ASSERTIONS = NO;
				ENABLE_STRICT_OBJC_MSGSEND = YES;
				GCC_C_LANGUAGE_STANDARD = gnu11;
				GCC_NO_COMMON_BLOCKS = YES;
				GCC_WARN_64_TO_32_BIT_CONVERSION = YES;
				GCC_WARN_ABOUT_RETURN_TYPE = YES_ERROR;
				GCC_WARN_UNDECLARED_SELECTOR = YES;
				GCC_WARN_UNINITIALIZED_AUTOS = YES_AGGRESSIVE;
				GCC_WARN_UNUSED_FUNCTION = YES;
				GCC_WARN_UNUSED_VARIABLE = YES;
				IPHONEOS_DEPLOYMENT_TARGET = 14.3;
				MTL_ENABLE_DEBUG_INFO = NO;
				MTL_FAST_MATH = YES;
				SDKROOT = iphoneos;
				SWIFT_COMPILATION_MODE = wholemodule;
				SWIFT_OPTIMIZATION_LEVEL = "-O";
				VALIDATE_PRODUCT = YES;
			};
			name = Release;
		};
		7CC8C1D625BFBF1A00BB3537 /* Debug */ = {
			isa = XCBuildConfiguration;
			buildSettings = {
				ASSETCATALOG_COMPILER_APPICON_NAME = AppIcon;
				ASSETCATALOG_COMPILER_GLOBAL_ACCENT_COLOR_NAME = AccentColor;
				CODE_SIGN_STYLE = Automatic;
				DEVELOPMENT_TEAM = 2S8MH4C36K;
				INFOPLIST_FILE = "RandomUsers-Unit3.1SprintRedo/Info.plist";
				LD_RUNPATH_SEARCH_PATHS = (
					"$(inherited)",
					"@executable_path/Frameworks",
				);
				PRODUCT_BUNDLE_IDENTIFIER = "B.RandomUsers-Unit3-1SprintRedo";
				PRODUCT_NAME = "$(TARGET_NAME)";
				SWIFT_VERSION = 5.0;
				TARGETED_DEVICE_FAMILY = "1,2";
			};
			name = Debug;
		};
		7CC8C1D725BFBF1A00BB3537 /* Release */ = {
			isa = XCBuildConfiguration;
			buildSettings = {
				ASSETCATALOG_COMPILER_APPICON_NAME = AppIcon;
				ASSETCATALOG_COMPILER_GLOBAL_ACCENT_COLOR_NAME = AccentColor;
				CODE_SIGN_STYLE = Automatic;
				DEVELOPMENT_TEAM = 2S8MH4C36K;
				INFOPLIST_FILE = "RandomUsers-Unit3.1SprintRedo/Info.plist";
				LD_RUNPATH_SEARCH_PATHS = (
					"$(inherited)",
					"@executable_path/Frameworks",
				);
				PRODUCT_BUNDLE_IDENTIFIER = "B.RandomUsers-Unit3-1SprintRedo";
				PRODUCT_NAME = "$(TARGET_NAME)";
				SWIFT_VERSION = 5.0;
				TARGETED_DEVICE_FAMILY = "1,2";
			};
			name = Release;
		};
/* End XCBuildConfiguration section */

/* Begin XCConfigurationList section */
		7CC8C1BC25BFBF1800BB3537 /* Build configuration list for PBXProject "RandomUsers-Unit3.1SprintRedo" */ = {
			isa = XCConfigurationList;
			buildConfigurations = (
				7CC8C1D325BFBF1A00BB3537 /* Debug */,
				7CC8C1D425BFBF1A00BB3537 /* Release */,
			);
			defaultConfigurationIsVisible = 0;
			defaultConfigurationName = Release;
		};
		7CC8C1D525BFBF1A00BB3537 /* Build configuration list for PBXNativeTarget "RandomUsers-Unit3.1SprintRedo" */ = {
			isa = XCConfigurationList;
			buildConfigurations = (
				7CC8C1D625BFBF1A00BB3537 /* Debug */,
				7CC8C1D725BFBF1A00BB3537 /* Release */,
			);
			defaultConfigurationIsVisible = 0;
			defaultConfigurationName = Release;
		};
/* End XCConfigurationList section */
	};
	rootObject = 7CC8C1B925BFBF1800BB3537 /* Project object */;
}
